{
  "version": 4,
  "terraform_version": "1.2.5",
  "serial": 176,
  "lineage": "250ec578-f54c-464a-8d52-8821a3039d3f",
  "outputs": {},
  "resources": [
    {
      "mode": "data",
      "type": "aws_iam_policy_document",
      "name": "dms_assume_role",
      "provider": "provider[\"registry.terraform.io/hashicorp/aws\"]",
      "instances": [
        {
          "schema_version": 0,
          "attributes": {
            "id": "838930504",
            "json": "{\n  \"Version\": \"2012-10-17\",\n  \"Statement\": [\n    {\n      \"Sid\": \"\",\n      \"Effect\": \"Allow\",\n      \"Action\": \"sts:AssumeRole\",\n      \"Principal\": {\n        \"Service\": \"dms.amazonaws.com\"\n      }\n    }\n  ]\n}",
            "override_json": null,
            "override_policy_documents": null,
            "policy_id": null,
            "source_json": null,
            "source_policy_documents": null,
            "statement": [
              {
                "actions": [
                  "sts:AssumeRole"
                ],
                "condition": [],
                "effect": "Allow",
                "not_actions": [],
                "not_principals": [],
                "not_resources": [],
                "principals": [
                  {
                    "identifiers": [
                      "dms.amazonaws.com"
                    ],
                    "type": "Service"
                  }
                ],
                "resources": [],
                "sid": ""
              }
            ],
            "version": "2012-10-17"
          },
          "sensitive_attributes": []
        }
      ]
    },
    {
      "mode": "managed",
      "type": "aws_dms_endpoint",
      "name": "src-endpoint",
      "provider": "provider[\"registry.terraform.io/hashicorp/aws\"]",
      "instances": [
        {
          "schema_version": 0,
          "attributes": {
            "certificate_arn": "",
            "database_name": "mysql",
            "elasticsearch_settings": [],
            "endpoint_arn": "arn:aws:dms:us-east-1:307592787224:endpoint:64JSMWAXLCRLIQM3LJVLLTSVGFM4DRIAHSJHZ3A",
            "endpoint_id": "sql-src",
            "endpoint_type": "source",
            "engine_name": "mysql",
            "extra_connection_attributes": "",
            "id": "sql-src",
            "kafka_settings": [],
            "kinesis_settings": [],
            "kms_key_arn": "arn:aws:kms:us-east-1:307592787224:key/3da93c9e-02f7-4ca2-9c39-894bf36ef7a6",
            "mongodb_settings": [],
            "password": "ravi123@PSWD",
            "port": 3306,
            "redshift_settings": [],
            "s3_settings": [],
            "secrets_manager_access_role_arn": "",
            "secrets_manager_arn": "",
            "server_name": "3.88.62.37",
            "service_access_role": null,
            "ssl_mode": "none",
            "tags": {
              "Name": "test"
            },
            "tags_all": {
              "Name": "test"
            },
            "timeouts": null,
            "username": "ravi"
          },
          "sensitive_attributes": [],
          "private": "eyJlMmJmYjczMC1lY2FhLTExZTYtOGY4OC0zNDM2M2JjN2M0YzAiOnsiY3JlYXRlIjozMDAwMDAwMDAwMDAsImRlbGV0ZSI6MzAwMDAwMDAwMDAwfX0="
        }
      ]
    },
    {
      "mode": "managed",
      "type": "aws_dms_endpoint",
      "name": "trg-endpoint",
      "provider": "provider[\"registry.terraform.io/hashicorp/aws\"]",
      "instances": [
        {
          "schema_version": 0,
          "attributes": {
            "certificate_arn": "",
            "database_name": null,
            "elasticsearch_settings": [],
            "endpoint_arn": "arn:aws:dms:us-east-1:307592787224:endpoint:HV2UBNPDFBBWICPA4UJ4R7QVLYMCYQRGPOHH4XY",
            "endpoint_id": "trg-src",
            "endpoint_type": "target",
            "engine_name": "s3",
            "extra_connection_attributes": "bucketFolder=DMSTesting/fullload/;bucketName=dms-mysql-landing-v2;compressionType=NONE;csvDelimiter=,;csvRowDelimiter=\\n;datePartitionDelimiter=SLASH;datePartitionEnabled=false;datePartitionSequence=YYYYMMDD;",
            "id": "trg-src",
            "kafka_settings": [],
            "kinesis_settings": [],
            "kms_key_arn": "",
            "mongodb_settings": [],
            "password": null,
            "port": null,
            "redshift_settings": [],
            "s3_settings": [
              {
                "add_column_name": false,
                "bucket_folder": "DMSTesting/fullload/",
                "bucket_name": "dms-mysql-landing-v2",
                "canned_acl_for_objects": "none",
                "cdc_inserts_and_updates": false,
                "cdc_inserts_only": false,
                "cdc_max_batch_interval": 60,
                "cdc_min_file_size": 32,
                "cdc_path": "",
                "compression_type": "NONE",
                "csv_delimiter": ",",
                "csv_no_sup_value": "",
                "csv_null_value": "NULL",
                "csv_row_delimiter": "\\n",
                "data_format": "csv",
                "data_page_size": 1048576,
                "date_partition_delimiter": "slash",
                "date_partition_enabled": false,
                "date_partition_sequence": "yyyymmdd",
                "dict_page_size_limit": 1048576,
                "enable_statistics": true,
                "encoding_type": "rle-dictionary",
                "encryption_mode": "SSE_S3",
                "external_table_definition": "",
                "ignore_headers_row": 0,
                "include_op_for_full_load": false,
                "max_file_size": 1048576,
                "parquet_timestamp_in_millisecond": false,
                "parquet_version": "parquet-1-0",
                "preserve_transactions": false,
                "rfc_4180": true,
                "row_group_length": 10000,
                "server_side_encryption_kms_key_id": "",
                "service_access_role_arn": "arn:aws:iam::307592787224:role/dms-access-for-endpoint",
                "timestamp_column_name": "",
                "use_csv_no_sup_value": false
              }
            ],
            "secrets_manager_access_role_arn": null,
            "secrets_manager_arn": null,
            "server_name": null,
            "service_access_role": null,
            "ssl_mode": "none",
            "tags": {
              "Name": "test"
            },
            "tags_all": {
              "Name": "test"
            },
            "timeouts": null,
            "username": null
          },
          "sensitive_attributes": [],
          "private": "eyJlMmJmYjczMC1lY2FhLTExZTYtOGY4OC0zNDM2M2JjN2M0YzAiOnsiY3JlYXRlIjozMDAwMDAwMDAwMDAsImRlbGV0ZSI6MzAwMDAwMDAwMDAwfX0="
        }
      ]
    },
    {
      "mode": "managed",
      "type": "aws_dms_endpoint",
      "name": "trg_sql-endpoint",
      "provider": "provider[\"registry.terraform.io/hashicorp/aws\"]",
      "instances": [
        {
          "schema_version": 0,
          "attributes": {
            "certificate_arn": "",
            "database_name": "phani",
            "elasticsearch_settings": [],
            "endpoint_arn": "arn:aws:dms:us-east-1:307592787224:endpoint:OETOU4GGTRIFF546R74Y22AWH3I7NMIZ54BEE7Y",
            "endpoint_id": "trg-sql-src",
            "endpoint_type": "target",
            "engine_name": "mysql",
            "extra_connection_attributes": "",
            "id": "trg-sql-src",
            "kafka_settings": [],
            "kinesis_settings": [],
            "kms_key_arn": "arn:aws:kms:us-east-1:307592787224:key/3da93c9e-02f7-4ca2-9c39-894bf36ef7a6",
            "mongodb_settings": [],
            "password": "ravi123@PSWD",
            "port": 3306,
            "redshift_settings": [],
            "s3_settings": [],
            "secrets_manager_access_role_arn": "",
            "secrets_manager_arn": "",
            "server_name": "3.88.62.37",
            "service_access_role": null,
            "ssl_mode": "none",
            "tags": {
              "Name": "test"
            },
            "tags_all": {
              "Name": "test"
            },
            "timeouts": null,
            "username": "ravi"
          },
          "sensitive_attributes": [],
          "private": "eyJlMmJmYjczMC1lY2FhLTExZTYtOGY4OC0zNDM2M2JjN2M0YzAiOnsiY3JlYXRlIjozMDAwMDAwMDAwMDAsImRlbGV0ZSI6MzAwMDAwMDAwMDAwfX0="
        }
      ]
    },
    {
      "mode": "managed",
      "type": "aws_dms_replication_instance",
      "name": "dms_instance_ry",
      "provider": "provider[\"registry.terraform.io/hashicorp/aws\"]",
      "instances": [
        {
          "schema_version": 0,
          "attributes": {
            "allocated_storage": 10,
            "allow_major_version_upgrade": null,
            "apply_immediately": true,
            "auto_minor_version_upgrade": true,
            "availability_zone": "us-east-1a",
            "engine_version": "3.4.7",
            "id": "dms-instance-test-ry",
            "kms_key_arn": "arn:aws:kms:us-east-1:307592787224:key/3da93c9e-02f7-4ca2-9c39-894bf36ef7a6",
            "multi_az": false,
            "preferred_maintenance_window": "sun:10:30-sun:14:30",
            "publicly_accessible": true,
            "replication_instance_arn": "arn:aws:dms:us-east-1:307592787224:rep:S6CCQPCPBAASMCVMKYOAIZUNCAFE2F6FDJ77NUY",
            "replication_instance_class": "dms.t3.micro",
            "replication_instance_id": "dms-instance-test-ry",
            "replication_instance_private_ips": [
              "10.123.1.26"
            ],
            "replication_instance_public_ips": [
              "3.224.166.188"
            ],
            "replication_subnet_group_id": "test-dms-replication-subnet-group-tf",
            "tags": {
              "Name": "test"
            },
            "tags_all": {
              "Name": "test"
            },
            "timeouts": null,
            "vpc_security_group_ids": [
              "sg-026dba13f3418db00"
            ]
          },
          "sensitive_attributes": [],
          "private": "eyJlMmJmYjczMC1lY2FhLTExZTYtOGY4OC0zNDM2M2JjN2M0YzAiOnsiY3JlYXRlIjoxODAwMDAwMDAwMDAwLCJkZWxldGUiOjE4MDAwMDAwMDAwMDAsInVwZGF0ZSI6MTgwMDAwMDAwMDAwMH19",
          "dependencies": [
            "aws_dms_replication_subnet_group.dms-subnetgroup-ry",
            "aws_iam_role.dms-access-for-endpoint",
            "aws_iam_role.dms-cloudwatch-logs-role",
            "aws_iam_role.dms-vpc-role",
            "aws_iam_role_policy_attachment.dms-access-for-endpoint-AmazonDMSRedshiftS3Role",
            "aws_iam_role_policy_attachment.dms-cloudwatch-logs-role-AmazonDMSCloudWatchLogsRole",
            "aws_iam_role_policy_attachment.dms-vpc-role-AmazonDMSVPCManagementRole",
            "aws_security_group.ravi-sg",
            "aws_subnet.ravi-public-subnet",
            "aws_subnet.ravi-public-subnet2",
            "aws_vpc.ravi-vpc",
            "data.aws_iam_policy_document.dms_assume_role"
          ]
        }
      ]
    },
    {
      "mode": "managed",
      "type": "aws_dms_replication_subnet_group",
      "name": "dms-subnetgroup-ry",
      "provider": "provider[\"registry.terraform.io/hashicorp/aws\"]",
      "instances": [
        {
          "schema_version": 0,
          "attributes": {
            "id": "test-dms-replication-subnet-group-tf",
            "replication_subnet_group_arn": "arn:aws:dms:us-east-1:307592787224:subgrp:test-dms-replication-subnet-group-tf",
            "replication_subnet_group_description": "Test replication subnet group",
            "replication_subnet_group_id": "test-dms-replication-subnet-group-tf",
            "subnet_ids": [
              "subnet-031d01a789f9cdd5c",
              "subnet-0424a0443b77e8667"
            ],
            "tags": {
              "Name": "ravi-test-sbg"
            },
            "tags_all": {
              "Name": "ravi-test-sbg"
            },
            "vpc_id": "vpc-050453386692d781a"
          },
          "sensitive_attributes": [],
          "private": "bnVsbA==",
          "dependencies": [
            "aws_iam_role.dms-vpc-role",
            "aws_iam_role_policy_attachment.dms-vpc-role-AmazonDMSVPCManagementRole",
            "aws_subnet.ravi-public-subnet",
            "aws_subnet.ravi-public-subnet2",
            "aws_vpc.ravi-vpc",
            "data.aws_iam_policy_document.dms_assume_role"
          ]
        }
      ]
    },
    {
      "mode": "managed",
      "type": "aws_dms_replication_task",
      "name": "test",
      "provider": "provider[\"registry.terraform.io/hashicorp/aws\"]",
      "instances": [
        {
          "schema_version": 0,
          "attributes": {
            "cdc_start_position": "",
            "cdc_start_time": null,
            "id": "sql-ravi-test",
            "migration_type": "full-load",
            "replication_instance_arn": "arn:aws:dms:us-east-1:307592787224:rep:S6CCQPCPBAASMCVMKYOAIZUNCAFE2F6FDJ77NUY",
            "replication_task_arn": "arn:aws:dms:us-east-1:307592787224:task:GHYMWWWBBPBRDBDZEWHSVIUSRPWOW2SRCTD3VAI",
            "replication_task_id": "sql-ravi-test",
            "replication_task_settings": "",
            "source_endpoint_arn": "arn:aws:dms:us-east-1:307592787224:endpoint:64JSMWAXLCRLIQM3LJVLLTSVGFM4DRIAHSJHZ3A",
            "start_replication_task": false,
            "status": "stopped",
            "table_mappings": "{\n    \"rules\": [\n        {\n            \"rule-type\": \"selection\",\n            \"rule-id\": \"1\",\n            \"rule-name\": \"1\",\n            \"object-locator\": {\n                \"schema-name\": \"mysql\",\n                \"table-name\": \"%\"\n            },\n            \"rule-action\": \"include\"\n        }\n    ]\n}",
            "tags": {
              "Name": "test2"
            },
            "tags_all": {
              "Name": "test2"
            },
            "target_endpoint_arn": "arn:aws:dms:us-east-1:307592787224:endpoint:HV2UBNPDFBBWICPA4UJ4R7QVLYMCYQRGPOHH4XY"
          },
          "sensitive_attributes": [],
          "private": "bnVsbA==",
          "dependencies": [
            "aws_dms_endpoint.src-endpoint",
            "aws_dms_endpoint.trg-endpoint",
            "aws_dms_replication_instance.dms_instance_ry"
          ]
        }
      ]
    },
    {
      "mode": "managed",
      "type": "aws_dms_replication_task",
      "name": "test_sqlDB",
      "provider": "provider[\"registry.terraform.io/hashicorp/aws\"]",
      "instances": [
        {
          "schema_version": 0,
          "attributes": {
            "cdc_start_position": "",
            "cdc_start_time": null,
            "id": "sql-ravi-test-sqlDB",
            "migration_type": "full-load",
            "replication_instance_arn": "arn:aws:dms:us-east-1:307592787224:rep:S6CCQPCPBAASMCVMKYOAIZUNCAFE2F6FDJ77NUY",
            "replication_task_arn": "arn:aws:dms:us-east-1:307592787224:task:SO2A4WPS66HM5ZSU4UEEVXEEHDQ2OOP5HVXQYRQ",
            "replication_task_id": "sql-ravi-test-sqldb",
            "replication_task_settings": "{\"BeforeImageSettings\":null,\"ChangeProcessingDdlHandlingPolicy\":{\"HandleSourceTableAltered\":true,\"HandleSourceTableDropped\":true,\"HandleSourceTableTruncated\":true},\"ChangeProcessingTuning\":{\"BatchApplyMemoryLimit\":500,\"BatchApplyPreserveTransaction\":true,\"BatchApplyTimeoutMax\":30,\"BatchApplyTimeoutMin\":1,\"BatchSplitSize\":0,\"CommitTimeout\":1,\"MemoryKeepTime\":60,\"MemoryLimitTotal\":1024,\"MinTransactionSize\":1000,\"StatementCacheSize\":50},\"CharacterSetSettings\":null,\"ControlTablesSettings\":{\"ControlSchema\":\"\",\"FullLoadExceptionTableEnabled\":false,\"HistoryTableEnabled\":false,\"HistoryTimeslotInMinutes\":5,\"StatusTableEnabled\":false,\"SuspendedTablesTableEnabled\":false},\"ErrorBehavior\":{\"ApplyErrorDeletePolicy\":\"IGNORE_RECORD\",\"ApplyErrorEscalationCount\":0,\"ApplyErrorEscalationPolicy\":\"LOG_ERROR\",\"ApplyErrorFailOnTruncationDdl\":false,\"ApplyErrorInsertPolicy\":\"LOG_ERROR\",\"ApplyErrorUpdatePolicy\":\"LOG_ERROR\",\"DataErrorEscalationCount\":0,\"DataErrorEscalationPolicy\":\"SUSPEND_TABLE\",\"DataErrorPolicy\":\"LOG_ERROR\",\"DataTruncationErrorPolicy\":\"LOG_ERROR\",\"EventErrorPolicy\":\"IGNORE\",\"FailOnNoTablesCaptured\":true,\"FailOnTransactionConsistencyBreached\":false,\"FullLoadIgnoreConflicts\":true,\"RecoverableErrorCount\":-1,\"RecoverableErrorInterval\":5,\"RecoverableErrorStopRetryAfterThrottlingMax\":true,\"RecoverableErrorThrottling\":true,\"RecoverableErrorThrottlingMax\":1800,\"TableErrorEscalationCount\":0,\"TableErrorEscalationPolicy\":\"STOP_TASK\",\"TableErrorPolicy\":\"SUSPEND_TABLE\"},\"FailTaskWhenCleanTaskResourceFailed\":false,\"FullLoadSettings\":{\"CommitRate\":10000,\"CreatePkAfterFullLoad\":false,\"MaxFullLoadSubTasks\":8,\"StopTaskCachedChangesApplied\":false,\"StopTaskCachedChangesNotApplied\":false,\"TargetTablePrepMode\":\"DROP_AND_CREATE\",\"TransactionConsistencyTimeout\":600},\"Logging\":{\"EnableLogging\":false,\"LogComponents\":[{\"Id\":\"DATA_STRUCTURE\",\"Severity\":\"LOGGER_SEVERITY_DEFAULT\"},{\"Id\":\"COMMUNICATION\",\"Severity\":\"LOGGER_SEVERITY_DEFAULT\"},{\"Id\":\"IO\",\"Severity\":\"LOGGER_SEVERITY_DEFAULT\"},{\"Id\":\"COMMON\",\"Severity\":\"LOGGER_SEVERITY_DEFAULT\"},{\"Id\":\"FILE_FACTORY\",\"Severity\":\"LOGGER_SEVERITY_DEFAULT\"},{\"Id\":\"FILE_TRANSFER\",\"Severity\":\"LOGGER_SEVERITY_DEFAULT\"},{\"Id\":\"REST_SERVER\",\"Severity\":\"LOGGER_SEVERITY_DEFAULT\"},{\"Id\":\"ADDONS\",\"Severity\":\"LOGGER_SEVERITY_DEFAULT\"},{\"Id\":\"TARGET_LOAD\",\"Severity\":\"LOGGER_SEVERITY_DEFAULT\"},{\"Id\":\"TARGET_APPLY\",\"Severity\":\"LOGGER_SEVERITY_DEFAULT\"},{\"Id\":\"SOURCE_UNLOAD\",\"Severity\":\"LOGGER_SEVERITY_DEFAULT\"},{\"Id\":\"SOURCE_CAPTURE\",\"Severity\":\"LOGGER_SEVERITY_DEFAULT\"},{\"Id\":\"TRANSFORMATION\",\"Severity\":\"LOGGER_SEVERITY_DEFAULT\"},{\"Id\":\"SORTER\",\"Severity\":\"LOGGER_SEVERITY_DEFAULT\"},{\"Id\":\"TASK_MANAGER\",\"Severity\":\"LOGGER_SEVERITY_DEFAULT\"},{\"Id\":\"TABLES_MANAGER\",\"Severity\":\"LOGGER_SEVERITY_DEFAULT\"},{\"Id\":\"METADATA_MANAGER\",\"Severity\":\"LOGGER_SEVERITY_DEFAULT\"},{\"Id\":\"PERFORMANCE\",\"Severity\":\"LOGGER_SEVERITY_DEFAULT\"},{\"Id\":\"VALIDATOR_EXT\",\"Severity\":\"LOGGER_SEVERITY_DEFAULT\"}]},\"LoopbackPreventionSettings\":null,\"PostProcessingRules\":null,\"StreamBufferSettings\":{\"CtrlStreamBufferSizeInMB\":5,\"StreamBufferCount\":3,\"StreamBufferSizeInMB\":8},\"TTSettings\":null,\"TargetMetadata\":{\"BatchApplyEnabled\":false,\"FullLobMode\":false,\"InlineLobMaxSize\":0,\"LimitedSizeLobMode\":true,\"LoadMaxFileSize\":0,\"LobChunkSize\":64,\"LobMaxSize\":32,\"ParallelApplyBufferSize\":0,\"ParallelApplyQueuesPerThread\":0,\"ParallelApplyThreads\":0,\"ParallelLoadBufferSize\":0,\"ParallelLoadQueuesPerThread\":0,\"ParallelLoadThreads\":0,\"SupportLobs\":true,\"TargetSchema\":\"\",\"TaskRecoveryTableEnabled\":false}}",
            "source_endpoint_arn": "arn:aws:dms:us-east-1:307592787224:endpoint:64JSMWAXLCRLIQM3LJVLLTSVGFM4DRIAHSJHZ3A",
            "start_replication_task": false,
            "status": "ready",
            "table_mappings": "{\n    \"rules\": [\n        {\n            \"rule-type\": \"selection\",\n            \"rule-id\": \"1\",\n            \"rule-name\": \"1\",\n            \"object-locator\": {\n                \"schema-name\": \"mysql\",\n                \"table-name\": \"restaurant\"\n            },\n            \"rule-action\": \"include\"\n        }\n    ]\n}",
            "tags": {
              "Name": "Task for DB to DB Move"
            },
            "tags_all": {
              "Name": "Task for DB to DB Move"
            },
            "target_endpoint_arn": "arn:aws:dms:us-east-1:307592787224:endpoint:OETOU4GGTRIFF546R74Y22AWH3I7NMIZ54BEE7Y"
          },
          "sensitive_attributes": [],
          "private": "bnVsbA==",
          "dependencies": [
            "aws_dms_endpoint.src-endpoint",
            "aws_dms_endpoint.trg_sql-endpoint",
            "aws_dms_replication_instance.dms_instance_ry"
          ]
        }
      ]
    },
    {
      "mode": "managed",
      "type": "aws_iam_role",
      "name": "dms-access-for-endpoint",
      "provider": "provider[\"registry.terraform.io/hashicorp/aws\"]",
      "instances": [
        {
          "schema_version": 0,
          "attributes": {
            "arn": "arn:aws:iam::307592787224:role/dms-access-for-endpoint",
            "assume_role_policy": "{\"Statement\":[{\"Action\":\"sts:AssumeRole\",\"Effect\":\"Allow\",\"Principal\":{\"Service\":\"dms.amazonaws.com\"},\"Sid\":\"\"}],\"Version\":\"2012-10-17\"}",
            "create_date": "2022-08-09T01:20:06Z",
            "description": "",
            "force_detach_policies": false,
            "id": "dms-access-for-endpoint",
            "inline_policy": [],
            "managed_policy_arns": [
              "arn:aws:iam::aws:policy/service-role/AmazonDMSRedshiftS3Role"
            ],
            "max_session_duration": 3600,
            "name": "dms-access-for-endpoint",
            "name_prefix": "",
            "path": "/",
            "permissions_boundary": null,
            "tags": {},
            "tags_all": {},
            "unique_id": "AROAUPHPVOUMFJ7TVMDN6"
          },
          "sensitive_attributes": [],
          "private": "bnVsbA==",
          "dependencies": [
            "data.aws_iam_policy_document.dms_assume_role"
          ]
        }
      ]
    },
    {
      "mode": "managed",
      "type": "aws_iam_role",
      "name": "dms-cloudwatch-logs-role",
      "provider": "provider[\"registry.terraform.io/hashicorp/aws\"]",
      "instances": [
        {
          "schema_version": 0,
          "attributes": {
            "arn": "arn:aws:iam::307592787224:role/dms-cloudwatch-logs-role",
            "assume_role_policy": "{\"Statement\":[{\"Action\":\"sts:AssumeRole\",\"Effect\":\"Allow\",\"Principal\":{\"Service\":\"dms.amazonaws.com\"},\"Sid\":\"\"}],\"Version\":\"2012-10-17\"}",
            "create_date": "2022-08-09T01:20:06Z",
            "description": "",
            "force_detach_policies": false,
            "id": "dms-cloudwatch-logs-role",
            "inline_policy": [],
            "managed_policy_arns": [
              "arn:aws:iam::aws:policy/service-role/AmazonDMSCloudWatchLogsRole"
            ],
            "max_session_duration": 3600,
            "name": "dms-cloudwatch-logs-role",
            "name_prefix": "",
            "path": "/",
            "permissions_boundary": null,
            "tags": {},
            "tags_all": {},
            "unique_id": "AROAUPHPVOUMID3YIV4ED"
          },
          "sensitive_attributes": [],
          "private": "bnVsbA==",
          "dependencies": [
            "data.aws_iam_policy_document.dms_assume_role"
          ]
        }
      ]
    },
    {
      "mode": "managed",
      "type": "aws_iam_role",
      "name": "dms-vpc-role",
      "provider": "provider[\"registry.terraform.io/hashicorp/aws\"]",
      "instances": [
        {
          "schema_version": 0,
          "attributes": {
            "arn": "arn:aws:iam::307592787224:role/dms-vpc-role",
            "assume_role_policy": "{\"Statement\":[{\"Action\":\"sts:AssumeRole\",\"Effect\":\"Allow\",\"Principal\":{\"Service\":\"dms.amazonaws.com\"},\"Sid\":\"\"}],\"Version\":\"2012-10-17\"}",
            "create_date": "2022-08-09T01:20:06Z",
            "description": "",
            "force_detach_policies": false,
            "id": "dms-vpc-role",
            "inline_policy": [],
            "managed_policy_arns": [
              "arn:aws:iam::aws:policy/service-role/AmazonDMSVPCManagementRole"
            ],
            "max_session_duration": 3600,
            "name": "dms-vpc-role",
            "name_prefix": "",
            "path": "/",
            "permissions_boundary": null,
            "tags": {},
            "tags_all": {},
            "unique_id": "AROAUPHPVOUMN5ST2YWDN"
          },
          "sensitive_attributes": [],
          "private": "bnVsbA==",
          "dependencies": [
            "data.aws_iam_policy_document.dms_assume_role"
          ]
        }
      ]
    },
    {
      "mode": "managed",
      "type": "aws_iam_role_policy_attachment",
      "name": "dms-access-for-endpoint-AmazonDMSRedshiftS3Role",
      "provider": "provider[\"registry.terraform.io/hashicorp/aws\"]",
      "instances": [
        {
          "schema_version": 0,
          "attributes": {
            "id": "dms-access-for-endpoint-20220809012008120400000002",
            "policy_arn": "arn:aws:iam::aws:policy/service-role/AmazonDMSRedshiftS3Role",
            "role": "dms-access-for-endpoint"
          },
          "sensitive_attributes": [],
          "private": "bnVsbA==",
          "dependencies": [
            "aws_iam_role.dms-access-for-endpoint",
            "data.aws_iam_policy_document.dms_assume_role"
          ]
        }
      ]
    },
    {
      "mode": "managed",
      "type": "aws_iam_role_policy_attachment",
      "name": "dms-cloudwatch-logs-role-AmazonDMSCloudWatchLogsRole",
      "provider": "provider[\"registry.terraform.io/hashicorp/aws\"]",
      "instances": [
        {
          "schema_version": 0,
          "attributes": {
            "id": "dms-cloudwatch-logs-role-20220809012008118800000001",
            "policy_arn": "arn:aws:iam::aws:policy/service-role/AmazonDMSCloudWatchLogsRole",
            "role": "dms-cloudwatch-logs-role"
          },
          "sensitive_attributes": [],
          "private": "bnVsbA==",
          "dependencies": [
            "aws_iam_role.dms-cloudwatch-logs-role",
            "data.aws_iam_policy_document.dms_assume_role"
          ]
        }
      ]
    },
    {
      "mode": "managed",
      "type": "aws_iam_role_policy_attachment",
      "name": "dms-vpc-role-AmazonDMSVPCManagementRole",
      "provider": "provider[\"registry.terraform.io/hashicorp/aws\"]",
      "instances": [
        {
          "schema_version": 0,
          "attributes": {
            "id": "dms-vpc-role-20220809012008133100000003",
            "policy_arn": "arn:aws:iam::aws:policy/service-role/AmazonDMSVPCManagementRole",
            "role": "dms-vpc-role"
          },
          "sensitive_attributes": [],
          "private": "bnVsbA==",
          "dependencies": [
            "aws_iam_role.dms-vpc-role",
            "data.aws_iam_policy_document.dms_assume_role"
          ]
        }
      ]
    },
    {
      "mode": "managed",
      "type": "aws_internet_gateway",
      "name": "ravi-igw",
      "provider": "provider[\"registry.terraform.io/hashicorp/aws\"]",
      "instances": [
        {
          "schema_version": 0,
          "attributes": {
            "arn": "arn:aws:ec2:us-east-1:307592787224:internet-gateway/igw-0053f0b7eadc65d90",
            "id": "igw-0053f0b7eadc65d90",
            "owner_id": "307592787224",
            "tags": {
              "Name": "ravi-igw"
            },
            "tags_all": {
              "Name": "ravi-igw"
            },
            "timeouts": null,
            "vpc_id": "vpc-050453386692d781a"
          },
          "sensitive_attributes": [],
          "private": "eyJlMmJmYjczMC1lY2FhLTExZTYtOGY4OC0zNDM2M2JjN2M0YzAiOnsiY3JlYXRlIjoxMjAwMDAwMDAwMDAwLCJkZWxldGUiOjEyMDAwMDAwMDAwMDAsInVwZGF0ZSI6MTIwMDAwMDAwMDAwMH19",
          "dependencies": [
            "aws_vpc.ravi-vpc"
          ]
        }
      ]
    },
    {
      "mode": "managed",
      "type": "aws_route",
      "name": "default-route",
      "provider": "provider[\"registry.terraform.io/hashicorp/aws\"]",
      "instances": [
        {
          "schema_version": 0,
          "attributes": {
            "carrier_gateway_id": "",
            "core_network_arn": "",
            "destination_cidr_block": "0.0.0.0/0",
            "destination_ipv6_cidr_block": "",
            "destination_prefix_list_id": "",
            "egress_only_gateway_id": "",
            "gateway_id": "igw-0053f0b7eadc65d90",
            "id": "r-rtb-03d6df58a81b37db61080289494",
            "instance_id": "",
            "instance_owner_id": "",
            "local_gateway_id": "",
            "nat_gateway_id": "",
            "network_interface_id": "",
            "origin": "CreateRoute",
            "route_table_id": "rtb-03d6df58a81b37db6",
            "state": "active",
            "timeouts": null,
            "transit_gateway_id": "",
            "vpc_endpoint_id": "",
            "vpc_peering_connection_id": ""
          },
          "sensitive_attributes": [],
          "private": "eyJlMmJmYjczMC1lY2FhLTExZTYtOGY4OC0zNDM2M2JjN2M0YzAiOnsiY3JlYXRlIjozMDAwMDAwMDAwMDAsImRlbGV0ZSI6MzAwMDAwMDAwMDAwLCJ1cGRhdGUiOjEyMDAwMDAwMDAwMH19",
          "dependencies": [
            "aws_internet_gateway.ravi-igw",
            "aws_route_table.ravi-rt",
            "aws_vpc.ravi-vpc"
          ]
        }
      ]
    },
    {
      "mode": "managed",
      "type": "aws_route_table",
      "name": "ravi-rt",
      "provider": "provider[\"registry.terraform.io/hashicorp/aws\"]",
      "instances": [
        {
          "schema_version": 0,
          "attributes": {
            "arn": "arn:aws:ec2:us-east-1:307592787224:route-table/rtb-03d6df58a81b37db6",
            "id": "rtb-03d6df58a81b37db6",
            "owner_id": "307592787224",
            "propagating_vgws": [],
            "route": [
              {
                "carrier_gateway_id": "",
                "cidr_block": "0.0.0.0/0",
                "core_network_arn": "",
                "destination_prefix_list_id": "",
                "egress_only_gateway_id": "",
                "gateway_id": "igw-0053f0b7eadc65d90",
                "instance_id": "",
                "ipv6_cidr_block": "",
                "local_gateway_id": "",
                "nat_gateway_id": "",
                "network_interface_id": "",
                "transit_gateway_id": "",
                "vpc_endpoint_id": "",
                "vpc_peering_connection_id": ""
              }
            ],
            "tags": {
              "Name": "ravi-public-rt"
            },
            "tags_all": {
              "Name": "ravi-public-rt"
            },
            "timeouts": null,
            "vpc_id": "vpc-050453386692d781a"
          },
          "sensitive_attributes": [],
          "private": "eyJlMmJmYjczMC1lY2FhLTExZTYtOGY4OC0zNDM2M2JjN2M0YzAiOnsiY3JlYXRlIjozMDAwMDAwMDAwMDAsImRlbGV0ZSI6MzAwMDAwMDAwMDAwLCJ1cGRhdGUiOjEyMDAwMDAwMDAwMH19",
          "dependencies": [
            "aws_vpc.ravi-vpc"
          ]
        }
      ]
    },
    {
      "mode": "managed",
      "type": "aws_route_table_association",
      "name": "ravi-rt-association-subnet",
      "provider": "provider[\"registry.terraform.io/hashicorp/aws\"]",
      "instances": [
        {
          "schema_version": 0,
          "attributes": {
            "gateway_id": "",
            "id": "rtbassoc-092ffb3d0f31849cd",
            "route_table_id": "rtb-03d6df58a81b37db6",
            "subnet_id": "subnet-031d01a789f9cdd5c"
          },
          "sensitive_attributes": [],
          "private": "bnVsbA==",
          "dependencies": [
            "aws_route_table.ravi-rt",
            "aws_subnet.ravi-public-subnet",
            "aws_vpc.ravi-vpc"
          ]
        }
      ]
    },
    {
      "mode": "managed",
      "type": "aws_route_table_association",
      "name": "ravi-rt-association-subnet2",
      "provider": "provider[\"registry.terraform.io/hashicorp/aws\"]",
      "instances": [
        {
          "schema_version": 0,
          "attributes": {
            "gateway_id": "",
            "id": "rtbassoc-0b904d8357e50317e",
            "route_table_id": "rtb-03d6df58a81b37db6",
            "subnet_id": "subnet-0424a0443b77e8667"
          },
          "sensitive_attributes": [],
          "private": "bnVsbA==",
          "dependencies": [
            "aws_route_table.ravi-rt",
            "aws_subnet.ravi-public-subnet2",
            "aws_vpc.ravi-vpc"
          ]
        }
      ]
    },
    {
      "mode": "managed",
      "type": "aws_security_group",
      "name": "ravi-sg",
      "provider": "provider[\"registry.terraform.io/hashicorp/aws\"]",
      "instances": [
        {
          "schema_version": 1,
          "attributes": {
            "arn": "arn:aws:ec2:us-east-1:307592787224:security-group/sg-026dba13f3418db00",
            "description": "Allow TLS inbound traffic",
            "egress": [
              {
                "cidr_blocks": [
                  "0.0.0.0/0"
                ],
                "description": "",
                "from_port": 0,
                "ipv6_cidr_blocks": [],
                "prefix_list_ids": [],
                "protocol": "-1",
                "security_groups": [],
                "self": false,
                "to_port": 0
              }
            ],
            "id": "sg-026dba13f3418db00",
            "ingress": [
              {
                "cidr_blocks": [
                  "0.0.0.0/0"
                ],
                "description": "connect from my PC",
                "from_port": 0,
                "ipv6_cidr_blocks": [],
                "prefix_list_ids": [],
                "protocol": "-1",
                "security_groups": [],
                "self": false,
                "to_port": 0
              }
            ],
            "name": "ravi-sg",
            "name_prefix": "",
            "owner_id": "307592787224",
            "revoke_rules_on_delete": false,
            "tags": {},
            "tags_all": {},
            "timeouts": null,
            "vpc_id": "vpc-050453386692d781a"
          },
          "sensitive_attributes": [],
          "private": "eyJlMmJmYjczMC1lY2FhLTExZTYtOGY4OC0zNDM2M2JjN2M0YzAiOnsiY3JlYXRlIjo2MDAwMDAwMDAwMDAsImRlbGV0ZSI6OTAwMDAwMDAwMDAwfSwic2NoZW1hX3ZlcnNpb24iOiIxIn0=",
          "dependencies": [
            "aws_vpc.ravi-vpc"
          ]
        }
      ]
    },
    {
      "mode": "managed",
      "type": "aws_subnet",
      "name": "ravi-public-subnet",
      "provider": "provider[\"registry.terraform.io/hashicorp/aws\"]",
      "instances": [
        {
          "schema_version": 1,
          "attributes": {
            "arn": "arn:aws:ec2:us-east-1:307592787224:subnet/subnet-031d01a789f9cdd5c",
            "assign_ipv6_address_on_creation": false,
            "availability_zone": "us-east-1a",
            "availability_zone_id": "use1-az2",
            "cidr_block": "10.123.1.0/24",
            "customer_owned_ipv4_pool": "",
            "enable_dns64": false,
            "enable_resource_name_dns_a_record_on_launch": false,
            "enable_resource_name_dns_aaaa_record_on_launch": false,
            "id": "subnet-031d01a789f9cdd5c",
            "ipv6_cidr_block": "",
            "ipv6_cidr_block_association_id": "",
            "ipv6_native": false,
            "map_customer_owned_ip_on_launch": false,
            "map_public_ip_on_launch": true,
            "outpost_arn": "",
            "owner_id": "307592787224",
            "private_dns_hostname_type_on_launch": "ip-name",
            "tags": {
              "Name": "ravi-public-subnet"
            },
            "tags_all": {
              "Name": "ravi-public-subnet"
            },
            "timeouts": null,
            "vpc_id": "vpc-050453386692d781a"
          },
          "sensitive_attributes": [],
          "private": "eyJlMmJmYjczMC1lY2FhLTExZTYtOGY4OC0zNDM2M2JjN2M0YzAiOnsiY3JlYXRlIjo2MDAwMDAwMDAwMDAsImRlbGV0ZSI6MTIwMDAwMDAwMDAwMH0sInNjaGVtYV92ZXJzaW9uIjoiMSJ9",
          "dependencies": [
            "aws_vpc.ravi-vpc"
          ]
        }
      ]
    },
    {
      "mode": "managed",
      "type": "aws_subnet",
      "name": "ravi-public-subnet2",
      "provider": "provider[\"registry.terraform.io/hashicorp/aws\"]",
      "instances": [
        {
          "schema_version": 1,
          "attributes": {
            "arn": "arn:aws:ec2:us-east-1:307592787224:subnet/subnet-0424a0443b77e8667",
            "assign_ipv6_address_on_creation": false,
            "availability_zone": "us-east-1b",
            "availability_zone_id": "use1-az4",
            "cidr_block": "10.123.2.0/24",
            "customer_owned_ipv4_pool": "",
            "enable_dns64": false,
            "enable_resource_name_dns_a_record_on_launch": false,
            "enable_resource_name_dns_aaaa_record_on_launch": false,
            "id": "subnet-0424a0443b77e8667",
            "ipv6_cidr_block": "",
            "ipv6_cidr_block_association_id": "",
            "ipv6_native": false,
            "map_customer_owned_ip_on_launch": false,
            "map_public_ip_on_launch": true,
            "outpost_arn": "",
            "owner_id": "307592787224",
            "private_dns_hostname_type_on_launch": "ip-name",
            "tags": {
              "Name": "ravi-public-subnet2"
            },
            "tags_all": {
              "Name": "ravi-public-subnet2"
            },
            "timeouts": null,
            "vpc_id": "vpc-050453386692d781a"
          },
          "sensitive_attributes": [],
          "private": "eyJlMmJmYjczMC1lY2FhLTExZTYtOGY4OC0zNDM2M2JjN2M0YzAiOnsiY3JlYXRlIjo2MDAwMDAwMDAwMDAsImRlbGV0ZSI6MTIwMDAwMDAwMDAwMH0sInNjaGVtYV92ZXJzaW9uIjoiMSJ9",
          "dependencies": [
            "aws_vpc.ravi-vpc"
          ]
        }
      ]
    },
    {
      "mode": "managed",
      "type": "aws_vpc",
      "name": "ravi-vpc",
      "provider": "provider[\"registry.terraform.io/hashicorp/aws\"]",
      "instances": [
        {
          "schema_version": 1,
          "attributes": {
            "arn": "arn:aws:ec2:us-east-1:307592787224:vpc/vpc-050453386692d781a",
            "assign_generated_ipv6_cidr_block": false,
            "cidr_block": "10.123.0.0/16",
            "default_network_acl_id": "acl-0df02ae0db673e80a",
            "default_route_table_id": "rtb-059077fcd67b2b00c",
            "default_security_group_id": "sg-04f813014521d2f45",
            "dhcp_options_id": "dopt-060d2873032219ed0",
            "enable_classiclink": false,
            "enable_classiclink_dns_support": false,
            "enable_dns_hostnames": true,
            "enable_dns_support": true,
            "id": "vpc-050453386692d781a",
            "instance_tenancy": "default",
            "ipv4_ipam_pool_id": null,
            "ipv4_netmask_length": null,
            "ipv6_association_id": "",
            "ipv6_cidr_block": "",
            "ipv6_cidr_block_network_border_group": "",
            "ipv6_ipam_pool_id": "",
            "ipv6_netmask_length": 0,
            "main_route_table_id": "rtb-059077fcd67b2b00c",
            "owner_id": "307592787224",
            "tags": {
              "Name": "ravi-vpc"
            },
            "tags_all": {
              "Name": "ravi-vpc"
            }
          },
          "sensitive_attributes": [],
          "private": "eyJzY2hlbWFfdmVyc2lvbiI6IjEifQ=="
        }
      ]
    }
  ]
}
